
Microsoft Visual Studio Solution File, Format Version 12.00
# Visual Studio 15
VisualStudioVersion = 15.0.28307.168
MinimumVisualStudioVersion = 10.0.40219.1
Project("{FAE04EC0-301F-11D3-BF4B-00C04F79EFBC}") = "Assembler", "Assembler\Assembler.csproj", "{B5FEB99D-E2D5-4096-9018-50E3B9185A7C}"
EndProject
Global
	GlobalSection(SolutionConfigurationPlatforms) = preSolution
		Debug|Any CPU = Debug|Any CPU
		Release|Any CPU = Release|Any CPU
	EndGlobalSection
	GlobalSection(ProjectConfigurationPlatforms) = postSolution
		{B5FEB99D-E2D5-4096-9018-50E3B9185A7C}.Debug|Any CPU.ActiveCfg = Debug|Any CPU
		{B5FEB99D-E2D5-4096-9018-50E3B9185A7C}.Debug|Any CPU.Build.0 = Debug|Any CPU
		{B5FEB99D-E2D5-4096-9018-50E3B9185A7C}.Release|Any CPU.ActiveCfg = Release|Any CPU
		{B5FEB99D-E2D5-4096-9018-50E3B9185A7C}.Release|Any CPU.Build.0 = Release|Any CPU
	EndGlobalSection
	GlobalSection(SolutionProperties) = preSolution
		HideSolutionNode = FALSE
	EndGlobalSection
	GlobalSection(ExtensibilityGlobals) = postSolution
		SolutionGuid = {4D4CD1E3-547E-4B83-99A9-40548FE8DE8E}
	EndGlobalSection
EndGlobal
